// !$*UTF8*$!
{
	archiveVersion = 1;
	classes = {
	};
	objectVersion = 56;
	objects = {

/* Begin PBXBuildFile section */
		F2B3A58B2DCA55DC00FA5CE8 /* AppDelegate.swift in Sources */ = {isa = PBXBuildFile; fileRef = F2B3A58A2DCA55DC00FA5CE8 /* AppDelegate.swift */; };
		F2B3A58D2DCA55DC00FA5CE8 /* SceneDelegate.swift in Sources */ = {isa = PBXBuildFile; fileRef = F2B3A58C2DCA55DC00FA5CE8 /* SceneDelegate.swift */; };
		F2B3A58F2DCA55DC00FA5CE8 /* ViewController.swift in Sources */ = {isa = PBXBuildFile; fileRef = F2B3A58E2DCA55DC00FA5CE8 /* ViewController.swift */; };
		F2B3A5922DCA55DC00FA5CE8 /* Main.storyboard in Resources */ = {isa = PBXBuildFile; fileRef = F2B3A5902DCA55DC00FA5CE8 /* Main.storyboard */; };
		F2B3A5942DCA55DE00FA5CE8 /* Assets.xcassets in Resources */ = {isa = PBXBuildFile; fileRef = F2B3A5932DCA55DE00FA5CE8 /* Assets.xcassets */; };
		F2B3A5972DCA55DE00FA5CE8 /* LaunchScreen.storyboard in Resources */ = {isa = PBXBuildFile; fileRef = F2B3A5952DCA55DE00FA5CE8 /* LaunchScreen.storyboard */; };
		F2B3A5A22DCA55DF00FA5CE8 /* burak_hangmanTests.swift in Sources */ = {isa = PBXBuildFile; fileRef = F2B3A5A12DCA55DF00FA5CE8 /* burak_hangmanTests.swift */; };
		F2B3A5AC2DCA55DF00FA5CE8 /* burak_hangmanUITests.swift in Sources */ = {isa = PBXBuildFile; fileRef = F2B3A5AB2DCA55DF00FA5CE8 /* burak_hangmanUITests.swift */; };
		F2B3A5AE2DCA55DF00FA5CE8 /* burak_hangmanUITestsLaunchTests.swift in Sources */ = {isa = PBXBuildFile; fileRef = F2B3A5AD2DCA55DF00FA5CE8 /* burak_hangmanUITestsLaunchTests.swift */; };
/* End PBXBuildFile section */

/* Begin PBXContainerItemProxy section */
		F2B3A59E2DCA55DF00FA5CE8 /* PBXContainerItemProxy */ = {
			isa = PBXContainerItemProxy;
			containerPortal = F2B3A57F2DCA55DC00FA5CE8 /* Project object */;
			proxyType = 1;
			remoteGlobalIDString = F2B3A5862DCA55DC00FA5CE8;
			remoteInfo = "burak-hangman";
		};
		F2B3A5A82DCA55DF00FA5CE8 /* PBXContainerItemProxy */ = {
			isa = PBXContainerItemProxy;
			containerPortal = F2B3A57F2DCA55DC00FA5CE8 /* Project object */;
			proxyType = 1;
			remoteGlobalIDString = F2B3A5862DCA55DC00FA5CE8;
			remoteInfo = "burak-hangman";
		};
/* End PBXContainerItemProxy section */

/* Begin PBXFileReference section */
		F2B3A5872DCA55DC00FA5CE8 /* burak-hangman.app */ = {isa = PBXFileReference; explicitFileType = wrapper.application; includeInIndex = 0; path = "burak-hangman.app"; sourceTree = BUILT_PRODUCTS_DIR; };
		F2B3A58A2DCA55DC00FA5CE8 /* AppDelegate.swift */ = {isa = PBXFileReference; lastKnownFileType = sourcecode.swift; path = AppDelegate.swift; sourceTree = "<group>"; };
		F2B3A58C2DCA55DC00FA5CE8 /* SceneDelegate.swift */ = {isa = PBXFileReference; lastKnownFileType = sourcecode.swift; path = SceneDelegate.swift; sourceTree = "<group>"; };
		F2B3A58E2DCA55DC00FA5CE8 /* ViewController.swift */ = {isa = PBXFileReference; lastKnownFileType = sourcecode.swift; path = ViewController.swift; sourceTree = "<group>"; };
		F2B3A5912DCA55DC00FA5CE8 /* Base */ = {isa = PBXFileReference; lastKnownFileType = file.storyboard; name = Base; path = Base.lproj/Main.storyboard; sourceTree = "<group>"; };
		F2B3A5932DCA55DE00FA5CE8 /* Assets.xcassets */ = {isa = PBXFileReference; lastKnownFileType = folder.assetcatalog; path = Assets.xcassets; sourceTree = "<group>"; };
		F2B3A5962DCA55DE00FA5CE8 /* Base */ = {isa = PBXFileReference; lastKnownFileType = file.storyboard; name = Base; path = Base.lproj/LaunchScreen.storyboard; sourceTree = "<group>"; };
		F2B3A5982DCA55DE00FA5CE8 /* Info.plist */ = {isa = PBXFileReference; lastKnownFileType = text.plist.xml; path = Info.plist; sourceTree = "<group>"; };
		F2B3A59D2DCA55DF00FA5CE8 /* burak-hangmanTests.xctest */ = {isa = PBXFileReference; explicitFileType = wrapper.cfbundle; includeInIndex = 0; path = "burak-hangmanTests.xctest"; sourceTree = BUILT_PRODUCTS_DIR; };
		F2B3A5A12DCA55DF00FA5CE8 /* burak_hangmanTests.swift */ = {isa = PBXFileReference; lastKnownFileType = sourcecode.swift; path = burak_hangmanTests.swift; sourceTree = "<group>"; };
		F2B3A5A72DCA55DF00FA5CE8 /* burak-hangmanUITests.xctest */ = {isa = PBXFileReference; explicitFileType = wrapper.cfbundle; includeInIndex = 0; path = "burak-hangmanUITests.xctest"; sourceTree = BUILT_PRODUCTS_DIR; };
		F2B3A5AB2DCA55DF00FA5CE8 /* burak_hangmanUITests.swift */ = {isa = PBXFileReference; lastKnownFileType = sourcecode.swift; path = burak_hangmanUITests.swift; sourceTree = "<group>"; };
		F2B3A5AD2DCA55DF00FA5CE8 /* burak_hangmanUITestsLaunchTests.swift */ = {isa = PBXFileReference; lastKnownFileType = sourcecode.swift; path = burak_hangmanUITestsLaunchTests.swift; sourceTree = "<group>"; };
/* End PBXFileReference section */

/* Begin PBXFrameworksBuildPhase section */
		F2B3A5842DCA55DC00FA5CE8 /* Frameworks */ = {
			isa = PBXFrameworksBuildPhase;
			buildActionMask = 2147483647;
			files = (
			);
			runOnlyForDeploymentPostprocessing = 0;
		};
		F2B3A59A2DCA55DF00FA5CE8 /* Frameworks */ = {
			isa = PBXFrameworksBuildPhase;
			buildActionMask = 2147483647;
			files = (
			);
			runOnlyForDeploymentPostprocessing = 0;
		};
		F2B3A5A42DCA55DF00FA5CE8 /* Frameworks */ = {
			isa = PBXFrameworksBuildPhase;
			buildActionMask = 2147483647;
			files = (
			);
			runOnlyForDeploymentPostprocessing = 0;
		};
/* End PBXFrameworksBuildPhase section */

/* Begin PBXGroup section */
		F2B3A57E2DCA55DC00FA5CE8 = {
			isa = PBXGroup;
			children = (
				F2B3A5892DCA55DC00FA5CE8 /* burak-hangman */,
				F2B3A5A02DCA55DF00FA5CE8 /* burak-hangmanTests */,
				F2B3A5AA2DCA55DF00FA5CE8 /* burak-hangmanUITests */,
				F2B3A5882DCA55DC00FA5CE8 /* Products */,
			);
			sourceTree = "<group>";
		};
		F2B3A5882DCA55DC00FA5CE8 /* Products */ = {
			isa = PBXGroup;
			children = (
				F2B3A5872DCA55DC00FA5CE8 /* burak-hangman.app */,
				F2B3A59D2DCA55DF00FA5CE8 /* burak-hangmanTests.xctest */,
				F2B3A5A72DCA55DF00FA5CE8 /* burak-hangmanUITests.xctest */,
			);
			name = Products;
			sourceTree = "<group>";
		};
		F2B3A5892DCA55DC00FA5CE8 /* burak-hangman */ = {
			isa = PBXGroup;
			children = (
				F2B3A58A2DCA55DC00FA5CE8 /* AppDelegate.swift */,
				F2B3A58C2DCA55DC00FA5CE8 /* SceneDelegate.swift */,
				F2B3A58E2DCA55DC00FA5CE8 /* ViewController.swift */,
				F2B3A5902DCA55DC00FA5CE8 /* Main.storyboard */,
				F2B3A5932DCA55DE00FA5CE8 /* Assets.xcassets */,
				F2B3A5952DCA55DE00FA5CE8 /* LaunchScreen.storyboard */,
				F2B3A5982DCA55DE00FA5CE8 /* Info.plist */,
			);
			path = "burak-hangman";
			sourceTree = "<group>";
		};
		F2B3A5A02DCA55DF00FA5CE8 /* burak-hangmanTests */ = {
			isa = PBXGroup;
			children = (
				F2B3A5A12DCA55DF00FA5CE8 /* burak_hangmanTests.swift */,
			);
			path = "burak-hangmanTests";
			sourceTree = "<group>";
		};
		F2B3A5AA2DCA55DF00FA5CE8 /* burak-hangmanUITests */ = {
			isa = PBXGroup;
			children = (
				F2B3A5AB2DCA55DF00FA5CE8 /* burak_hangmanUITests.swift */,
				F2B3A5AD2DCA55DF00FA5CE8 /* burak_hangmanUITestsLaunchTests.swift */,
			);
			path = "burak-hangmanUITests";
			sourceTree = "<group>";
		};
/* End PBXGroup section */

/* Begin PBXNativeTarget section */
		F2B3A5862DCA55DC00FA5CE8 /* burak-hangman */ = {
			isa = PBXNativeTarget;
			buildConfigurationList = F2B3A5B12DCA55DF00FA5CE8 /* Build configuration list for PBXNativeTarget "burak-hangman" */;
			buildPhases = (
				F2B3A5832DCA55DC00FA5CE8 /* Sources */,
				F2B3A5842DCA55DC00FA5CE8 /* Frameworks */,
				F2B3A5852DCA55DC00FA5CE8 /* Resources */,
			);
			buildRules = (
			);
			dependencies = (
			);
			name = "burak-hangman";
			productName = "burak-hangman";
			productReference = F2B3A5872DCA55DC00FA5CE8 /* burak-hangman.app */;
			productType = "com.apple.product-type.application";
		};
		F2B3A59C2DCA55DF00FA5CE8 /* burak-hangmanTests */ = {
			isa = PBXNativeTarget;
			buildConfigurationList = F2B3A5B42DCA55DF00FA5CE8 /* Build configuration list for PBXNativeTarget "burak-hangmanTests" */;
			buildPhases = (
				F2B3A5992DCA55DF00FA5CE8 /* Sources */,
				F2B3A59A2DCA55DF00FA5CE8 /* Frameworks */,
				F2B3A59B2DCA55DF00FA5CE8 /* Resources */,
			);
			buildRules = (
			);
			dependencies = (
				F2B3A59F2DCA55DF00FA5CE8 /* PBXTargetDependency */,
			);
			name = "burak-hangmanTests";
			productName = "burak-hangmanTests";
			productReference = F2B3A59D2DCA55DF00FA5CE8 /* burak-hangmanTests.xctest */;
			productType = "com.apple.product-type.bundle.unit-test";
		};
		F2B3A5A62DCA55DF00FA5CE8 /* burak-hangmanUITests */ = {
			isa = PBXNativeTarget;
			buildConfigurationList = F2B3A5B72DCA55DF00FA5CE8 /* Build configuration list for PBXNativeTarget "burak-hangmanUITests" */;
			buildPhases = (
				F2B3A5A32DCA55DF00FA5CE8 /* Sources */,
				F2B3A5A42DCA55DF00FA5CE8 /* Frameworks */,
				F2B3A5A52DCA55DF00FA5CE8 /* Resources */,
			);
			buildRules = (
			);
			dependencies = (
				F2B3A5A92DCA55DF00FA5CE8 /* PBXTargetDependency */,
			);
			name = "burak-hangmanUITests";
			productName = "burak-hangmanUITests";
			productReference = F2B3A5A72DCA55DF00FA5CE8 /* burak-hangmanUITests.xctest */;
			productType = "com.apple.product-type.bundle.ui-testing";
		};
/* End PBXNativeTarget section */

/* Begin PBXProject section */
		F2B3A57F2DCA55DC00FA5CE8 /* Project object */ = {
			isa = PBXProject;
			attributes = {
				BuildIndependentTargetsInParallel = 1;
				LastSwiftUpdateCheck = 1420;
				LastUpgradeCheck = 1420;
				TargetAttributes = {
					F2B3A5862DCA55DC00FA5CE8 = {
						CreatedOnToolsVersion = 14.2;
					};
					F2B3A59C2DCA55DF00FA5CE8 = {
						CreatedOnToolsVersion = 14.2;
						TestTargetID = F2B3A5862DCA55DC00FA5CE8;
					};
					F2B3A5A62DCA55DF00FA5CE8 = {
						CreatedOnToolsVersion = 14.2;
						TestTargetID = F2B3A5862DCA55DC00FA5CE8;
					};
				};
			};
			buildConfigurationList = F2B3A5822DCA55DC00FA5CE8 /* Build configuration list for PBXProject "burak-hangman" */;
			compatibilityVersion = "Xcode 14.0";
			developmentRegion = en;
			hasScannedForEncodings = 0;
			knownRegions = (
				en,
				Base,
			);
			mainGroup = F2B3A57E2DCA55DC00FA5CE8;
			productRefGroup = F2B3A5882DCA55DC00FA5CE8 /* Products */;
			projectDirPath = "";
			projectRoot = "";
			targets = (
				F2B3A5862DCA55DC00FA5CE8 /* burak-hangman */,
				F2B3A59C2DCA55DF00FA5CE8 /* burak-hangmanTests */,
				F2B3A5A62DCA55DF00FA5CE8 /* burak-hangmanUITests */,
			);
		};
/* End PBXProject section */

/* Begin PBXResourcesBuildPhase section */
		F2B3A5852DCA55DC00FA5CE8 /* Resources */ = {
			isa = PBXResourcesBuildPhase;
			buildActionMask = 2147483647;
			files = (
				F2B3A5972DCA55DE00FA5CE8 /* LaunchScreen.storyboard in Resources */,
				F2B3A5942DCA55DE00FA5CE8 /* Assets.xcassets in Resources */,
				F2B3A5922DCA55DC00FA5CE8 /* Main.storyboard in Resources */,
			);
			runOnlyForDeploymentPostprocessing = 0;
		};
		F2B3A59B2DCA55DF00FA5CE8 /* Resources */ = {
			isa = PBXResourcesBuildPhase;
			buildActionMask = 2147483647;
			files = (
			);
			runOnlyForDeploymentPostprocessing = 0;
		};
		F2B3A5A52DCA55DF00FA5CE8 /* Resources */ = {
			isa = PBXResourcesBuildPhase;
			buildActionMask = 2147483647;
			files = (
			);
			runOnlyForDeploymentPostprocessing = 0;
		};
/* End PBXResourcesBuildPhase section */

/* Begin PBXSourcesBuildPhase section */
		F2B3A5832DCA55DC00FA5CE8 /* Sources */ = {
			isa = PBXSourcesBuildPhase;
			buildActionMask = 2147483647;
			files = (
				F2B3A58F2DCA55DC00FA5CE8 /* ViewController.swift in Sources */,
				F2B3A58B2DCA55DC00FA5CE8 /* AppDelegate.swift in Sources */,
				F2B3A58D2DCA55DC00FA5CE8 /* SceneDelegate.swift in Sources */,
			);
			runOnlyForDeploymentPostprocessing = 0;
		};
		F2B3A5992DCA55DF00FA5CE8 /* Sources */ = {
			isa = PBXSourcesBuildPhase;
			buildActionMask = 2147483647;
			files = (
				F2B3A5A22DCA55DF00FA5CE8 /* burak_hangmanTests.swift in Sources */,
			);
			runOnlyForDeploymentPostprocessing = 0;
		};
		F2B3A5A32DCA55DF00FA5CE8 /* Sources */ = {
			isa = PBXSourcesBuildPhase;
			buildActionMask = 2147483647;
			files = (
				F2B3A5AC2DCA55DF00FA5CE8 /* burak_hangmanUITests.swift in Sources */,
				F2B3A5AE2DCA55DF00FA5CE8 /* burak_hangmanUITestsLaunchTests.swift in Sources */,
			);
			runOnlyForDeploymentPostprocessing = 0;
		};
/* End PBXSourcesBuildPhase section */

/* Begin PBXTargetDependency section */
		F2B3A59F2DCA55DF00FA5CE8 /* PBXTargetDependency */ = {
			isa = PBXTargetDependency;
			target = F2B3A5862DCA55DC00FA5CE8 /* burak-hangman */;
			targetProxy = F2B3A59E2DCA55DF00FA5CE8 /* PBXContainerItemProxy */;
		};
		F2B3A5A92DCA55DF00FA5CE8 /* PBXTargetDependency */ = {
			isa = PBXTargetDependency;
			target = F2B3A5862DCA55DC00FA5CE8 /* burak-hangman */;
			targetProxy = F2B3A5A82DCA55DF00FA5CE8 /* PBXContainerItemProxy */;
		};
/* End PBXTargetDependency section */

/* Begin PBXVariantGroup section */
		F2B3A5902DCA55DC00FA5CE8 /* Main.storyboard */ = {
			isa = PBXVariantGroup;
			children = (
				F2B3A5912DCA55DC00FA5CE8 /* Base */,
			);
			name = Main.storyboard;
			sourceTree = "<group>";
		};
		F2B3A5952DCA55DE00FA5CE8 /* LaunchScreen.storyboard */ = {
			isa = PBXVariantGroup;
			children = (
				F2B3A5962DCA55DE00FA5CE8 /* Base */,
			);
			name = LaunchScreen.storyboard;
			sourceTree = "<group>";
		};
/* End PBXVariantGroup section */

/* Begin XCBuildConfiguration section */
		F2B3A5AF2DCA55DF00FA5CE8 /* Debug */ = {
			isa = XCBuildConfiguration;
			buildSettings = {
				ALWAYS_SEARCH_USER_PATHS = NO;
				CLANG_ANALYZER_NONNULL = YES;
				CLANG_ANALYZER_NUMBER_OBJECT_CONVERSION = YES_AGGRESSIVE;
				CLANG_CXX_LANGUAGE_STANDARD = "gnu++20";
				CLANG_ENABLE_MODULES = YES;
				CLANG_ENABLE_OBJC_ARC = YES;
				CLANG_ENABLE_OBJC_WEAK = YES;
				CLANG_WARN_BLOCK_CAPTURE_AUTORELEASING = YES;
				CLANG_WARN_BOOL_CONVERSION = YES;
				CLANG_WARN_COMMA = YES;
				CLANG_WARN_CONSTANT_CONVERSION = YES;
				CLANG_WARN_DEPRECATED_OBJC_IMPLEMENTATIONS = YES;
				CLANG_WARN_DIRECT_OBJC_ISA_USAGE = YES_ERROR;
				CLANG_WARN_DOCUMENTATION_COMMENTS = YES;
				CLANG_WARN_EMPTY_BODY = YES;
				CLANG_WARN_ENUM_CONVERSION = YES;
				CLANG_WARN_INFINITE_RECURSION = YES;
				CLANG_WARN_INT_CONVERSION = YES;
				CLANG_WARN_NON_LITERAL_NULL_CONVERSION = YES;
				CLANG_WARN_OBJC_IMPLICIT_RETAIN_SELF = YES;
				CLANG_WARN_OBJC_LITERAL_CONVERSION = YES;
				CLANG_WARN_OBJC_ROOT_CLASS = YES_ERROR;
				CLANG_WARN_QUOTED_INCLUDE_IN_FRAMEWORK_HEADER = YES;
				CLANG_WARN_RANGE_LOOP_ANALYSIS = YES;
				CLANG_WARN_STRICT_PROTOTYPES = YES;
				CLANG_WARN_SUSPICIOUS_MOVE = YES;
				CLANG_WARN_UNGUARDED_AVAILABILITY = YES_AGGRESSIVE;
				CLANG_WARN_UNREACHABLE_CODE = YES;
				CLANG_WARN__DUPLICATE_METHOD_MATCH = YES;
				COPY_PHASE_STRIP = NO;
				DEBUG_INFORMATION_FORMAT = dwarf;
				ENABLE_STRICT_OBJC_MSGSEND = YES;
				ENABLE_TESTABILITY = YES;
				GCC_C_LANGUAGE_STANDARD = gnu11;
				GCC_DYNAMIC_NO_PIC = NO;
				GCC_NO_COMMON_BLOCKS = YES;
				GCC_OPTIMIZATION_LEVEL = 0;
				GCC_PREPROCESSOR_DEFINITIONS = (
					"DEBUG=1",
					"$(inherited)",
				);
				GCC_WARN_64_TO_32_BIT_CONVERSION = YES;
				GCC_WARN_ABOUT_RETURN_TYPE = YES_ERROR;
				GCC_WARN_UNDECLARED_SELECTOR = YES;
				GCC_WARN_UNINITIALIZED_AUTOS = YES_AGGRESSIVE;
				GCC_WARN_UNUSED_FUNCTION = YES;
				GCC_WARN_UNUSED_VARIABLE = YES;
				IPHONEOS_DEPLOYMENT_TARGET = 16.2;
				MTL_ENABLE_DEBUG_INFO = INCLUDE_SOURCE;
				MTL_FAST_MATH = YES;
				ONLY_ACTIVE_ARCH = YES;
				SDKROOT = iphoneos;
				SWIFT_ACTIVE_COMPILATION_CONDITIONS = DEBUG;
				SWIFT_OPTIMIZATION_LEVEL = "-Onone";
			};
			name = Debug;
		};
		F2B3A5B02DCA55DF00FA5CE8 /* Release */ = {
			isa = XCBuildConfiguration;
			buildSettings = {
				ALWAYS_SEARCH_USER_PATHS = NO;
				CLANG_ANALYZER_NONNULL = YES;
				CLANG_ANALYZER_NUMBER_OBJECT_CONVERSION = YES_AGGRESSIVE;
				CLANG_CXX_LANGUAGE_STANDARD = "gnu++20";
				CLANG_ENABLE_MODULES = YES;
				CLANG_ENABLE_OBJC_ARC = YES;
				CLANG_ENABLE_OBJC_WEAK = YES;
				CLANG_WARN_BLOCK_CAPTURE_AUTORELEASING = YES;
				CLANG_WARN_BOOL_CONVERSION = YES;
				CLANG_WARN_COMMA = YES;
				CLANG_WARN_CONSTANT_CONVERSION = YES;
				CLANG_WARN_DEPRECATED_OBJC_IMPLEMENTATIONS = YES;
				CLANG_WARN_DIRECT_OBJC_ISA_USAGE = YES_ERROR;
				CLANG_WARN_DOCUMENTATION_COMMENTS = YES;
				CLANG_WARN_EMPTY_BODY = YES;
				CLANG_WARN_ENUM_CONVERSION = YES;
				CLANG_WARN_INFINITE_RECURSION = YES;
				CLANG_WARN_INT_CONVERSION = YES;
				CLANG_WARN_NON_LITERAL_NULL_CONVERSION = YES;
				CLANG_WARN_OBJC_IMPLICIT_RETAIN_SELF = YES;
				CLANG_WARN_OBJC_LITERAL_CONVERSION = YES;
				CLANG_WARN_OBJC_ROOT_CLASS = YES_ERROR;
				CLANG_WARN_QUOTED_INCLUDE_IN_FRAMEWORK_HEADER = YES;
				CLANG_WARN_RANGE_LOOP_ANALYSIS = YES;
				CLANG_WARN_STRICT_PROTOTYPES = YES;
				CLANG_WARN_SUSPICIOUS_MOVE = YES;
				CLANG_WARN_UNGUARDED_AVAILABILITY = YES_AGGRESSIVE;
				CLANG_WARN_UNREACHABLE_CODE = YES;
				CLANG_WARN__DUPLICATE_METHOD_MATCH = YES;
				COPY_PHASE_STRIP = NO;
				DEBUG_INFORMATION_FORMAT = "dwarf-with-dsym";
				ENABLE_NS_ASSERTIONS = NO;
				ENABLE_STRICT_OBJC_MSGSEND = YES;
				GCC_C_LANGUAGE_STANDARD = gnu11;
				GCC_NO_COMMON_BLOCKS = YES;
				GCC_WARN_64_TO_32_BIT_CONVERSION = YES;
				GCC_WARN_ABOUT_RETURN_TYPE = YES_ERROR;
				GCC_WARN_UNDECLARED_SELECTOR = YES;
				GCC_WARN_UNINITIALIZED_AUTOS = YES_AGGRESSIVE;
				GCC_WARN_UNUSED_FUNCTION = YES;
				GCC_WARN_UNUSED_VARIABLE = YES;
				IPHONEOS_DEPLOYMENT_TARGET = 16.2;
				MTL_ENABLE_DEBUG_INFO = NO;
				MTL_FAST_MATH = YES;
				SDKROOT = iphoneos;
				SWIFT_COMPILATION_MODE = wholemodule;
				SWIFT_OPTIMIZATION_LEVEL = "-O";
				VALIDATE_PRODUCT = YES;
			};
			name = Release;
		};
		F2B3A5B22DCA55DF00FA5CE8 /* Debug */ = {
			isa = XCBuildConfiguration;
			buildSettings = {
				ASSETCATALOG_COMPILER_APPICON_NAME = AppIcon;
				ASSETCATALOG_COMPILER_GLOBAL_ACCENT_COLOR_NAME = AccentColor;
				CODE_SIGN_STYLE = Automatic;
				CURRENT_PROJECT_VERSION = 1;
				GENERATE_INFOPLIST_FILE = YES;
				INFOPLIST_FILE = "burak-hangman/Info.plist";
				INFOPLIST_KEY_UIApplicationSupportsIndirectInputEvents = YES;
				INFOPLIST_KEY_UILaunchStoryboardName = LaunchScreen;
				INFOPLIST_KEY_UIMainStoryboardFile = Main;
				INFOPLIST_KEY_UISupportedInterfaceOrientations_iPad = "UIInterfaceOrientationPortrait UIInterfaceOrientationPortraitUpsideDown UIInterfaceOrientationLandscapeLeft UIInterfaceOrientationLandscapeRight";
				INFOPLIST_KEY_UISupportedInterfaceOrientations_iPhone = "UIInterfaceOrientationPortrait UIInterfaceOrientationLandscapeLeft UIInterfaceOrientationLandscapeRight";
				LD_RUNPATH_SEARCH_PATHS = (
					"$(inherited)",
					"@executable_path/Frameworks",
				);
				MARKETING_VERSION = 1.0;
				PRODUCT_BUNDLE_IDENTIFIER = "dev.trakya.burak-hangman";
				PRODUCT_NAME = "$(TARGET_NAME)";
				SWIFT_EMIT_LOC_STRINGS = YES;
				SWIFT_VERSION = 5.0;
				TARGETED_DEVICE_FAMILY = "1,2";
			};
			name = Debug;
		};
		F2B3A5B32DCA55DF00FA5CE8 /* Release */ = {
			isa = XCBuildConfiguration;
			buildSettings = {
				ASSETCATALOG_COMPILER_APPICON_NAME = AppIcon;
				ASSETCATALOG_COMPILER_GLOBAL_ACCENT_COLOR_NAME = AccentColor;
				CODE_SIGN_STYLE = Automatic;
				CURRENT_PROJECT_VERSION = 1;
				GENERATE_INFOPLIST_FILE = YES;
				INFOPLIST_FILE = "burak-hangman/Info.plist";
				INFOPLIST_KEY_UIApplicationSupportsIndirectInputEvents = YES;
				INFOPLIST_KEY_UILaunchStoryboardName = LaunchScreen;
				INFOPLIST_KEY_UIMainStoryboardFile = Main;
				INFOPLIST_KEY_UISupportedInterfaceOrientations_iPad = "UIInterfaceOrientationPortrait UIInterfaceOrientationPortraitUpsideDown UIInterfaceOrientationLandscapeLeft UIInterfaceOrientationLandscapeRight";
				INFOPLIST_KEY_UISupportedInterfaceOrientations_iPhone = "UIInterfaceOrientationPortrait UIInterfaceOrientationLandscapeLeft UIInterfaceOrientationLandscapeRight";
				LD_RUNPATH_SEARCH_PATHS = (
					"$(inherited)",
					"@executable_path/Frameworks",
				);
				MARKETING_VERSION = 1.0;
				PRODUCT_BUNDLE_IDENTIFIER = "dev.trakya.burak-hangman";
				PRODUCT_NAME = "$(TARGET_NAME)";
				SWIFT_EMIT_LOC_STRINGS = YES;
				SWIFT_VERSION = 5.0;
				TARGETED_DEVICE_FAMILY = "1,2";
			};
			name = Release;
		};
		F2B3A5B52DCA55DF00FA5CE8 /* Debug */ = {
			isa = XCBuildConfiguration;
			buildSettings = {
				ALWAYS_EMBED_SWIFT_STANDARD_LIBRARIES = YES;
				BUNDLE_LOADER = "$(TEST_HOST)";
				CODE_SIGN_STYLE = Automatic;
				CURRENT_PROJECT_VERSION = 1;
				GENERATE_INFOPLIST_FILE = YES;
				IPHONEOS_DEPLOYMENT_TARGET = 16.2;
				MARKETING_VERSION = 1.0;
				PRODUCT_BUNDLE_IDENTIFIER = "dev.trakya.burak-hangmanTests";
				PRODUCT_NAME = "$(TARGET_NAME)";
				SWIFT_EMIT_LOC_STRINGS = NO;
				SWIFT_VERSION = 5.0;
				TARGETED_DEVICE_FAMILY = "1,2";
				TEST_HOST = "$(BUILT_PRODUCTS_DIR)/burak-hangman.app/$(BUNDLE_EXECUTABLE_FOLDER_PATH)/burak-hangman";
			};
			name = Debug;
		};
		F2B3A5B62DCA55DF00FA5CE8 /* Release */ = {
			isa = XCBuildConfiguration;
			buildSettings = {
				ALWAYS_EMBED_SWIFT_STANDARD_LIBRARIES = YES;
				BUNDLE_LOADER = "$(TEST_HOST)";
				CODE_SIGN_STYLE = Automatic;
				CURRENT_PROJECT_VERSION = 1;
				GENERATE_INFOPLIST_FILE = YES;
				IPHONEOS_DEPLOYMENT_TARGET = 16.2;
				MARKETING_VERSION = 1.0;
				PRODUCT_BUNDLE_IDENTIFIER = "dev.trakya.burak-hangmanTests";
				PRODUCT_NAME = "$(TARGET_NAME)";
				SWIFT_EMIT_LOC_STRINGS = NO;
				SWIFT_VERSION = 5.0;
				TARGETED_DEVICE_FAMILY = "1,2";
				TEST_HOST = "$(BUILT_PRODUCTS_DIR)/burak-hangman.app/$(BUNDLE_EXECUTABLE_FOLDER_PATH)/burak-hangman";
			};
			name = Release;
		};
		F2B3A5B82DCA55DF00FA5CE8 /* Debug */ = {
			isa = XCBuildConfiguration;
			buildSettings = {
				ALWAYS_EMBED_SWIFT_STANDARD_LIBRARIES = YES;
				CODE_SIGN_STYLE = Automatic;
				CURRENT_PROJECT_VERSION = 1;
				GENERATE_INFOPLIST_FILE = YES;
				MARKETING_VERSION = 1.0;
				PRODUCT_BUNDLE_IDENTIFIER = "dev.trakya.burak-hangmanUITests";
				PRODUCT_NAME = "$(TARGET_NAME)";
				SWIFT_EMIT_LOC_STRINGS = NO;
				SWIFT_VERSION = 5.0;
				TARGETED_DEVICE_FAMILY = "1,2";
				TEST_TARGET_NAME = "burak-hangman";
			};
			name = Debug;
		};
		F2B3A5B92DCA55DF00FA5CE8 /* Release */ = {
			isa = XCBuildConfiguration;
			buildSettings = {
				ALWAYS_EMBED_SWIFT_STANDARD_LIBRARIES = YES;
				CODE_SIGN_STYLE = Automatic;
				CURRENT_PROJECT_VERSION = 1;
				GENERATE_INFOPLIST_FILE = YES;
				MARKETING_VERSION = 1.0;
				PRODUCT_BUNDLE_IDENTIFIER = "dev.trakya.burak-hangmanUITests";
				PRODUCT_NAME = "$(TARGET_NAME)";
				SWIFT_EMIT_LOC_STRINGS = NO;
				SWIFT_VERSION = 5.0;
				TARGETED_DEVICE_FAMILY = "1,2";
				TEST_TARGET_NAME = "burak-hangman";
			};
			name = Release;
		};
/* End XCBuildConfiguration section */

/* Begin XCConfigurationList section */
		F2B3A5822DCA55DC00FA5CE8 /* Build configuration list for PBXProject "burak-hangman" */ = {
			isa = XCConfigurationList;
			buildConfigurations = (
				F2B3A5AF2DCA55DF00FA5CE8 /* Debug */,
				F2B3A5B02DCA55DF00FA5CE8 /* Release */,
			);
			defaultConfigurationIsVisible = 0;
			defaultConfigurationName = Release;
		};
		F2B3A5B12DCA55DF00FA5CE8 /* Build configuration list for PBXNativeTarget "burak-hangman" */ = {
			isa = XCConfigurationList;
			buildConfigurations = (
				F2B3A5B22DCA55DF00FA5CE8 /* Debug */,
				F2B3A5B32DCA55DF00FA5CE8 /* Release */,
			);
			defaultConfigurationIsVisible = 0;
			defaultConfigurationName = Release;
		};
		F2B3A5B42DCA55DF00FA5CE8 /* Build configuration list for PBXNativeTarget "burak-hangmanTests" */ = {
			isa = XCConfigurationList;
			buildConfigurations = (
				F2B3A5B52DCA55DF00FA5CE8 /* Debug */,
				F2B3A5B62DCA55DF00FA5CE8 /* Release */,
			);
			defaultConfigurationIsVisible = 0;
			defaultConfigurationName = Release;
		};
		F2B3A5B72DCA55DF00FA5CE8 /* Build configuration list for PBXNativeTarget "burak-hangmanUITests" */ = {
			isa = XCConfigurationList;
			buildConfigurations = (
				F2B3A5B82DCA55DF00FA5CE8 /* Debug */,
				F2B3A5B92DCA55DF00FA5CE8 /* Release */,
			);
			defaultConfigurationIsVisible = 0;
			defaultConfigurationName = Release;
		};
/* End XCConfigurationList section */
	};
	rootObject = F2B3A57F2DCA55DC00FA5CE8 /* Project object */;
}
